// !$*UTF8*$!
{
	archiveVersion = 1;
	classes = {
	};
	objectVersion = 48;
	objects = {

/* Begin PBXBuildFile section */
		992C5FA01FEBF85A00538DB8 /* SelectRoomViewController.m in Sources */ = {isa = PBXBuildFile; fileRef = 992C5F9F1FEBF85A00538DB8 /* SelectRoomViewController.m */; };
		994834DE1FE9108400EE1BD3 /* LoginViewController.m in Sources */ = {isa = PBXBuildFile; fileRef = 994834DD1FE9108400EE1BD3 /* LoginViewController.m */; };
		994834E11FE912D200EE1BD3 /* PrepareViewController.m in Sources */ = {isa = PBXBuildFile; fileRef = 994834E01FE912D200EE1BD3 /* PrepareViewController.m */; };
		994834E41FE912DF00EE1BD3 /* LiveViewController.m in Sources */ = {isa = PBXBuildFile; fileRef = 994834E31FE912DF00EE1BD3 /* LiveViewController.m */; };
		9948B6B11FEA19F500ABC54D /* AFHTTPSessionManager.m in Sources */ = {isa = PBXBuildFile; fileRef = 9948B6A51FEA19F500ABC54D /* AFHTTPSessionManager.m */; };
		9948B6B21FEA19F500ABC54D /* AFNetworkReachabilityManager.m in Sources */ = {isa = PBXBuildFile; fileRef = 9948B6A81FEA19F500ABC54D /* AFNetworkReachabilityManager.m */; };
		9948B6B31FEA19F500ABC54D /* AFSecurityPolicy.m in Sources */ = {isa = PBXBuildFile; fileRef = 9948B6AA1FEA19F500ABC54D /* AFSecurityPolicy.m */; };
		9948B6B41FEA19F500ABC54D /* AFURLRequestSerialization.m in Sources */ = {isa = PBXBuildFile; fileRef = 9948B6AC1FEA19F500ABC54D /* AFURLRequestSerialization.m */; };
		9948B6B51FEA19F500ABC54D /* AFURLResponseSerialization.m in Sources */ = {isa = PBXBuildFile; fileRef = 9948B6AE1FEA19F500ABC54D /* AFURLResponseSerialization.m */; };
		9948B6B61FEA19F500ABC54D /* AFURLSessionManager.m in Sources */ = {isa = PBXBuildFile; fileRef = 9948B6B01FEA19F500ABC54D /* AFURLSessionManager.m */; };
		9948B6CC1FEA1A2000ABC54D /* AFAutoPurgingImageCache.m in Sources */ = {isa = PBXBuildFile; fileRef = 9948B6B91FEA1A2000ABC54D /* AFAutoPurgingImageCache.m */; };
		9948B6CD1FEA1A2000ABC54D /* AFImageDownloader.m in Sources */ = {isa = PBXBuildFile; fileRef = 9948B6BB1FEA1A2000ABC54D /* AFImageDownloader.m */; };
		9948B6CE1FEA1A2000ABC54D /* AFNetworkActivityIndicatorManager.m in Sources */ = {isa = PBXBuildFile; fileRef = 9948B6BD1FEA1A2000ABC54D /* AFNetworkActivityIndicatorManager.m */; };
		9948B6CF1FEA1A2000ABC54D /* UIActivityIndicatorView+AFNetworking.m in Sources */ = {isa = PBXBuildFile; fileRef = 9948B6BF1FEA1A2000ABC54D /* UIActivityIndicatorView+AFNetworking.m */; };
		9948B6D01FEA1A2000ABC54D /* UIButton+AFNetworking.m in Sources */ = {isa = PBXBuildFile; fileRef = 9948B6C11FEA1A2000ABC54D /* UIButton+AFNetworking.m */; };
		9948B6D11FEA1A2000ABC54D /* UIImageView+AFNetworking.m in Sources */ = {isa = PBXBuildFile; fileRef = 9948B6C41FEA1A2000ABC54D /* UIImageView+AFNetworking.m */; };
		9948B6D21FEA1A2000ABC54D /* UIProgressView+AFNetworking.m in Sources */ = {isa = PBXBuildFile; fileRef = 9948B6C71FEA1A2000ABC54D /* UIProgressView+AFNetworking.m */; };
		9948B6D31FEA1A2000ABC54D /* UIRefreshControl+AFNetworking.m in Sources */ = {isa = PBXBuildFile; fileRef = 9948B6C91FEA1A2000ABC54D /* UIRefreshControl+AFNetworking.m */; };
		9948B6D41FEA1A2000ABC54D /* UIWebView+AFNetworking.m in Sources */ = {isa = PBXBuildFile; fileRef = 9948B6CB1FEA1A2000ABC54D /* UIWebView+AFNetworking.m */; };
		9948B6D91FEA334200ABC54D /* MLSession.m in Sources */ = {isa = PBXBuildFile; fileRef = 9948B6D81FEA334200ABC54D /* MLSession.m */; };
		9948B6E01FEA547C00ABC54D /* MLResponse.m in Sources */ = {isa = PBXBuildFile; fileRef = 9948B6DF1FEA547C00ABC54D /* MLResponse.m */; };
		9948B6E31FEA5E6E00ABC54D /* MLWebApiInvoker.m in Sources */ = {isa = PBXBuildFile; fileRef = 9948B6E21FEA5E6E00ABC54D /* MLWebApiInvoker.m */; };
		99BEDCE61FE8F7760066294D /* AppDelegate.m in Sources */ = {isa = PBXBuildFile; fileRef = 99BEDCE51FE8F7760066294D /* AppDelegate.m */; };
		99BEDCEC1FE8F7760066294D /* Main.storyboard in Resources */ = {isa = PBXBuildFile; fileRef = 99BEDCEA1FE8F7760066294D /* Main.storyboard */; };
		99BEDCEE1FE8F7760066294D /* Assets.xcassets in Resources */ = {isa = PBXBuildFile; fileRef = 99BEDCED1FE8F7760066294D /* Assets.xcassets */; };
		99BEDCF11FE8F7760066294D /* LaunchScreen.storyboard in Resources */ = {isa = PBXBuildFile; fileRef = 99BEDCEF1FE8F7760066294D /* LaunchScreen.storyboard */; };
		99BEDCF41FE8F7760066294D /* main.m in Sources */ = {isa = PBXBuildFile; fileRef = 99BEDCF31FE8F7760066294D /* main.m */; };
		99BEDCFE1FE8F7760066294D /* MiniLiveTests.m in Sources */ = {isa = PBXBuildFile; fileRef = 99BEDCFD1FE8F7760066294D /* MiniLiveTests.m */; };
		99BEDD091FE8F7770066294D /* MiniLiveUITests.m in Sources */ = {isa = PBXBuildFile; fileRef = 99BEDD081FE8F7770066294D /* MiniLiveUITests.m */; };
		99BEDD191FE8F8400066294D /* MyNavigationController.m in Sources */ = {isa = PBXBuildFile; fileRef = 99BEDD181FE8F8400066294D /* MyNavigationController.m */; };
		99E71C641FEB5E7800374CB4 /* MLToast.m in Sources */ = {isa = PBXBuildFile; fileRef = 99E71C631FEB5E7800374CB4 /* MLToast.m */; };
		99F350E71FEBF478002965C0 /* CodecCell.m in Sources */ = {isa = PBXBuildFile; fileRef = 99F350E61FEBF478002965C0 /* CodecCell.m */; };
/* End PBXBuildFile section */

/* Begin PBXContainerItemProxy section */
		99BEDCFA1FE8F7760066294D /* PBXContainerItemProxy */ = {
			isa = PBXContainerItemProxy;
			containerPortal = 99BEDCD91FE8F7760066294D /* Project object */;
			proxyType = 1;
			remoteGlobalIDString = 99BEDCE01FE8F7760066294D;
			remoteInfo = MiniLive;
		};
		99BEDD051FE8F7770066294D /* PBXContainerItemProxy */ = {
			isa = PBXContainerItemProxy;
			containerPortal = 99BEDCD91FE8F7760066294D /* Project object */;
			proxyType = 1;
			remoteGlobalIDString = 99BEDCE01FE8F7760066294D;
			remoteInfo = MiniLive;
		};
/* End PBXContainerItemProxy section */

/* Begin PBXFileReference section */
		992C5F9E1FEBF85A00538DB8 /* SelectRoomViewController.h */ = {isa = PBXFileReference; lastKnownFileType = sourcecode.c.h; path = SelectRoomViewController.h; sourceTree = "<group>"; };
		992C5F9F1FEBF85A00538DB8 /* SelectRoomViewController.m */ = {isa = PBXFileReference; lastKnownFileType = sourcecode.c.objc; path = SelectRoomViewController.m; sourceTree = "<group>"; };
		994834DC1FE9108400EE1BD3 /* LoginViewController.h */ = {isa = PBXFileReference; lastKnownFileType = sourcecode.c.h; path = LoginViewController.h; sourceTree = "<group>"; };
		994834DD1FE9108400EE1BD3 /* LoginViewController.m */ = {isa = PBXFileReference; lastKnownFileType = sourcecode.c.objc; path = LoginViewController.m; sourceTree = "<group>"; };
		994834DF1FE912D200EE1BD3 /* PrepareViewController.h */ = {isa = PBXFileReference; lastKnownFileType = sourcecode.c.h; path = PrepareViewController.h; sourceTree = "<group>"; };
		994834E01FE912D200EE1BD3 /* PrepareViewController.m */ = {isa = PBXFileReference; lastKnownFileType = sourcecode.c.objc; path = PrepareViewController.m; sourceTree = "<group>"; };
		994834E21FE912DF00EE1BD3 /* LiveViewController.h */ = {isa = PBXFileReference; lastKnownFileType = sourcecode.c.h; path = LiveViewController.h; sourceTree = "<group>"; };
		994834E31FE912DF00EE1BD3 /* LiveViewController.m */ = {isa = PBXFileReference; lastKnownFileType = sourcecode.c.objc; path = LiveViewController.m; sourceTree = "<group>"; };
		9948B6A41FEA19F500ABC54D /* AFHTTPSessionManager.h */ = {isa = PBXFileReference; fileEncoding = 4; lastKnownFileType = sourcecode.c.h; path = AFHTTPSessionManager.h; sourceTree = "<group>"; };
		9948B6A51FEA19F500ABC54D /* AFHTTPSessionManager.m */ = {isa = PBXFileReference; fileEncoding = 4; lastKnownFileType = sourcecode.c.objc; path = AFHTTPSessionManager.m; sourceTree = "<group>"; };
		9948B6A61FEA19F500ABC54D /* AFNetworking.h */ = {isa = PBXFileReference; fileEncoding = 4; lastKnownFileType = sourcecode.c.h; path = AFNetworking.h; sourceTree = "<group>"; };
		9948B6A71FEA19F500ABC54D /* AFNetworkReachabilityManager.h */ = {isa = PBXFileReference; fileEncoding = 4; lastKnownFileType = sourcecode.c.h; path = AFNetworkReachabilityManager.h; sourceTree = "<group>"; };
		9948B6A81FEA19F500ABC54D /* AFNetworkReachabilityManager.m */ = {isa = PBXFileReference; fileEncoding = 4; lastKnownFileType = sourcecode.c.objc; path = AFNetworkReachabilityManager.m; sourceTree = "<group>"; };
		9948B6A91FEA19F500ABC54D /* AFSecurityPolicy.h */ = {isa = PBXFileReference; fileEncoding = 4; lastKnownFileType = sourcecode.c.h; path = AFSecurityPolicy.h; sourceTree = "<group>"; };
		9948B6AA1FEA19F500ABC54D /* AFSecurityPolicy.m */ = {isa = PBXFileReference; fileEncoding = 4; lastKnownFileType = sourcecode.c.objc; path = AFSecurityPolicy.m; sourceTree = "<group>"; };
		9948B6AB1FEA19F500ABC54D /* AFURLRequestSerialization.h */ = {isa = PBXFileReference; fileEncoding = 4; lastKnownFileType = sourcecode.c.h; path = AFURLRequestSerialization.h; sourceTree = "<group>"; };
		9948B6AC1FEA19F500ABC54D /* AFURLRequestSerialization.m */ = {isa = PBXFileReference; fileEncoding = 4; lastKnownFileType = sourcecode.c.objc; path = AFURLRequestSerialization.m; sourceTree = "<group>"; };
		9948B6AD1FEA19F500ABC54D /* AFURLResponseSerialization.h */ = {isa = PBXFileReference; fileEncoding = 4; lastKnownFileType = sourcecode.c.h; path = AFURLResponseSerialization.h; sourceTree = "<group>"; };
		9948B6AE1FEA19F500ABC54D /* AFURLResponseSerialization.m */ = {isa = PBXFileReference; fileEncoding = 4; lastKnownFileType = sourcecode.c.objc; path = AFURLResponseSerialization.m; sourceTree = "<group>"; };
		9948B6AF1FEA19F500ABC54D /* AFURLSessionManager.h */ = {isa = PBXFileReference; fileEncoding = 4; lastKnownFileType = sourcecode.c.h; path = AFURLSessionManager.h; sourceTree = "<group>"; };
		9948B6B01FEA19F500ABC54D /* AFURLSessionManager.m */ = {isa = PBXFileReference; fileEncoding = 4; lastKnownFileType = sourcecode.c.objc; path = AFURLSessionManager.m; sourceTree = "<group>"; };
		9948B6B81FEA1A2000ABC54D /* AFAutoPurgingImageCache.h */ = {isa = PBXFileReference; fileEncoding = 4; lastKnownFileType = sourcecode.c.h; path = AFAutoPurgingImageCache.h; sourceTree = "<group>"; };
		9948B6B91FEA1A2000ABC54D /* AFAutoPurgingImageCache.m */ = {isa = PBXFileReference; fileEncoding = 4; lastKnownFileType = sourcecode.c.objc; path = AFAutoPurgingImageCache.m; sourceTree = "<group>"; };
		9948B6BA1FEA1A2000ABC54D /* AFImageDownloader.h */ = {isa = PBXFileReference; fileEncoding = 4; lastKnownFileType = sourcecode.c.h; path = AFImageDownloader.h; sourceTree = "<group>"; };
		9948B6BB1FEA1A2000ABC54D /* AFImageDownloader.m */ = {isa = PBXFileReference; fileEncoding = 4; lastKnownFileType = sourcecode.c.objc; path = AFImageDownloader.m; sourceTree = "<group>"; };
		9948B6BC1FEA1A2000ABC54D /* AFNetworkActivityIndicatorManager.h */ = {isa = PBXFileReference; fileEncoding = 4; lastKnownFileType = sourcecode.c.h; path = AFNetworkActivityIndicatorManager.h; sourceTree = "<group>"; };
		9948B6BD1FEA1A2000ABC54D /* AFNetworkActivityIndicatorManager.m */ = {isa = PBXFileReference; fileEncoding = 4; lastKnownFileType = sourcecode.c.objc; path = AFNetworkActivityIndicatorManager.m; sourceTree = "<group>"; };
		9948B6BE1FEA1A2000ABC54D /* UIActivityIndicatorView+AFNetworking.h */ = {isa = PBXFileReference; fileEncoding = 4; lastKnownFileType = sourcecode.c.h; path = "UIActivityIndicatorView+AFNetworking.h"; sourceTree = "<group>"; };
		9948B6BF1FEA1A2000ABC54D /* UIActivityIndicatorView+AFNetworking.m */ = {isa = PBXFileReference; fileEncoding = 4; lastKnownFileType = sourcecode.c.objc; path = "UIActivityIndicatorView+AFNetworking.m"; sourceTree = "<group>"; };
		9948B6C01FEA1A2000ABC54D /* UIButton+AFNetworking.h */ = {isa = PBXFileReference; fileEncoding = 4; lastKnownFileType = sourcecode.c.h; path = "UIButton+AFNetworking.h"; sourceTree = "<group>"; };
		9948B6C11FEA1A2000ABC54D /* UIButton+AFNetworking.m */ = {isa = PBXFileReference; fileEncoding = 4; lastKnownFileType = sourcecode.c.objc; path = "UIButton+AFNetworking.m"; sourceTree = "<group>"; };
		9948B6C21FEA1A2000ABC54D /* UIImage+AFNetworking.h */ = {isa = PBXFileReference; fileEncoding = 4; lastKnownFileType = sourcecode.c.h; path = "UIImage+AFNetworking.h"; sourceTree = "<group>"; };
		9948B6C31FEA1A2000ABC54D /* UIImageView+AFNetworking.h */ = {isa = PBXFileReference; fileEncoding = 4; lastKnownFileType = sourcecode.c.h; path = "UIImageView+AFNetworking.h"; sourceTree = "<group>"; };
		9948B6C41FEA1A2000ABC54D /* UIImageView+AFNetworking.m */ = {isa = PBXFileReference; fileEncoding = 4; lastKnownFileType = sourcecode.c.objc; path = "UIImageView+AFNetworking.m"; sourceTree = "<group>"; };
		9948B6C51FEA1A2000ABC54D /* UIKit+AFNetworking.h */ = {isa = PBXFileReference; fileEncoding = 4; lastKnownFileType = sourcecode.c.h; path = "UIKit+AFNetworking.h"; sourceTree = "<group>"; };
		9948B6C61FEA1A2000ABC54D /* UIProgressView+AFNetworking.h */ = {isa = PBXFileReference; fileEncoding = 4; lastKnownFileType = sourcecode.c.h; path = "UIProgressView+AFNetworking.h"; sourceTree = "<group>"; };
		9948B6C71FEA1A2000ABC54D /* UIProgressView+AFNetworking.m */ = {isa = PBXFileReference; fileEncoding = 4; lastKnownFileType = sourcecode.c.objc; path = "UIProgressView+AFNetworking.m"; sourceTree = "<group>"; };
		9948B6C81FEA1A2000ABC54D /* UIRefreshControl+AFNetworking.h */ = {isa = PBXFileReference; fileEncoding = 4; lastKnownFileType = sourcecode.c.h; path = "UIRefreshControl+AFNetworking.h"; sourceTree = "<group>"; };
		9948B6C91FEA1A2000ABC54D /* UIRefreshControl+AFNetworking.m */ = {isa = PBXFileReference; fileEncoding = 4; lastKnownFileType = sourcecode.c.objc; path = "UIRefreshControl+AFNetworking.m"; sourceTree = "<group>"; };
		9948B6CA1FEA1A2000ABC54D /* UIWebView+AFNetworking.h */ = {isa = PBXFileReference; fileEncoding = 4; lastKnownFileType = sourcecode.c.h; path = "UIWebView+AFNetworking.h"; sourceTree = "<group>"; };
		9948B6CB1FEA1A2000ABC54D /* UIWebView+AFNetworking.m */ = {isa = PBXFileReference; fileEncoding = 4; lastKnownFileType = sourcecode.c.objc; path = "UIWebView+AFNetworking.m"; sourceTree = "<group>"; };
		9948B6D71FEA334200ABC54D /* MLSession.h */ = {isa = PBXFileReference; lastKnownFileType = sourcecode.c.h; path = MLSession.h; sourceTree = "<group>"; };
		9948B6D81FEA334200ABC54D /* MLSession.m */ = {isa = PBXFileReference; lastKnownFileType = sourcecode.c.objc; path = MLSession.m; sourceTree = "<group>"; };
		9948B6DD1FEA4DCB00ABC54D /* COMMON_MACRO.h */ = {isa = PBXFileReference; lastKnownFileType = sourcecode.c.h; path = COMMON_MACRO.h; sourceTree = "<group>"; };
		9948B6DE1FEA547C00ABC54D /* MLResponse.h */ = {isa = PBXFileReference; lastKnownFileType = sourcecode.c.h; path = MLResponse.h; sourceTree = "<group>"; };
		9948B6DF1FEA547C00ABC54D /* MLResponse.m */ = {isa = PBXFileReference; lastKnownFileType = sourcecode.c.objc; path = MLResponse.m; sourceTree = "<group>"; };
		9948B6E11FEA5E6E00ABC54D /* MLWebApiInvoker.h */ = {isa = PBXFileReference; lastKnownFileType = sourcecode.c.h; path = MLWebApiInvoker.h; sourceTree = "<group>"; };
		9948B6E21FEA5E6E00ABC54D /* MLWebApiInvoker.m */ = {isa = PBXFileReference; lastKnownFileType = sourcecode.c.objc; path = MLWebApiInvoker.m; sourceTree = "<group>"; };
		99BEDCE11FE8F7760066294D /* MiniLive.app */ = {isa = PBXFileReference; explicitFileType = wrapper.application; includeInIndex = 0; path = MiniLive.app; sourceTree = BUILT_PRODUCTS_DIR; };
		99BEDCE41FE8F7760066294D /* AppDelegate.h */ = {isa = PBXFileReference; lastKnownFileType = sourcecode.c.h; path = AppDelegate.h; sourceTree = "<group>"; };
		99BEDCE51FE8F7760066294D /* AppDelegate.m */ = {isa = PBXFileReference; lastKnownFileType = sourcecode.c.objc; path = AppDelegate.m; sourceTree = "<group>"; };
		99BEDCEB1FE8F7760066294D /* Base */ = {isa = PBXFileReference; lastKnownFileType = file.storyboard; name = Base; path = Base.lproj/Main.storyboard; sourceTree = "<group>"; };
		99BEDCED1FE8F7760066294D /* Assets.xcassets */ = {isa = PBXFileReference; lastKnownFileType = folder.assetcatalog; path = Assets.xcassets; sourceTree = "<group>"; };
		99BEDCF01FE8F7760066294D /* Base */ = {isa = PBXFileReference; lastKnownFileType = file.storyboard; name = Base; path = Base.lproj/LaunchScreen.storyboard; sourceTree = "<group>"; };
		99BEDCF21FE8F7760066294D /* Info.plist */ = {isa = PBXFileReference; lastKnownFileType = text.plist.xml; path = Info.plist; sourceTree = "<group>"; };
		99BEDCF31FE8F7760066294D /* main.m */ = {isa = PBXFileReference; lastKnownFileType = sourcecode.c.objc; path = main.m; sourceTree = "<group>"; };
		99BEDCF91FE8F7760066294D /* MiniLiveTests.xctest */ = {isa = PBXFileReference; explicitFileType = wrapper.cfbundle; includeInIndex = 0; path = MiniLiveTests.xctest; sourceTree = BUILT_PRODUCTS_DIR; };
		99BEDCFD1FE8F7760066294D /* MiniLiveTests.m */ = {isa = PBXFileReference; lastKnownFileType = sourcecode.c.objc; path = MiniLiveTests.m; sourceTree = "<group>"; };
		99BEDCFF1FE8F7770066294D /* Info.plist */ = {isa = PBXFileReference; lastKnownFileType = text.plist.xml; path = Info.plist; sourceTree = "<group>"; };
		99BEDD041FE8F7770066294D /* MiniLiveUITests.xctest */ = {isa = PBXFileReference; explicitFileType = wrapper.cfbundle; includeInIndex = 0; path = MiniLiveUITests.xctest; sourceTree = BUILT_PRODUCTS_DIR; };
		99BEDD081FE8F7770066294D /* MiniLiveUITests.m */ = {isa = PBXFileReference; lastKnownFileType = sourcecode.c.objc; path = MiniLiveUITests.m; sourceTree = "<group>"; };
		99BEDD0A1FE8F7770066294D /* Info.plist */ = {isa = PBXFileReference; lastKnownFileType = text.plist.xml; path = Info.plist; sourceTree = "<group>"; };
		99BEDD171FE8F8400066294D /* MyNavigationController.h */ = {isa = PBXFileReference; lastKnownFileType = sourcecode.c.h; path = MyNavigationController.h; sourceTree = "<group>"; };
		99BEDD181FE8F8400066294D /* MyNavigationController.m */ = {isa = PBXFileReference; lastKnownFileType = sourcecode.c.objc; path = MyNavigationController.m; sourceTree = "<group>"; };
		99E71C621FEB5E7800374CB4 /* MLToast.h */ = {isa = PBXFileReference; lastKnownFileType = sourcecode.c.h; path = MLToast.h; sourceTree = "<group>"; };
		99E71C631FEB5E7800374CB4 /* MLToast.m */ = {isa = PBXFileReference; lastKnownFileType = sourcecode.c.objc; path = MLToast.m; sourceTree = "<group>"; };
		99F350E51FEBF478002965C0 /* CodecCell.h */ = {isa = PBXFileReference; lastKnownFileType = sourcecode.c.h; path = CodecCell.h; sourceTree = "<group>"; };
		99F350E61FEBF478002965C0 /* CodecCell.m */ = {isa = PBXFileReference; lastKnownFileType = sourcecode.c.objc; path = CodecCell.m; sourceTree = "<group>"; };
/* End PBXFileReference section */

/* Begin PBXFrameworksBuildPhase section */
		99BEDCDE1FE8F7760066294D /* Frameworks */ = {
			isa = PBXFrameworksBuildPhase;
			buildActionMask = 2147483647;
			files = (
			);
			runOnlyForDeploymentPostprocessing = 0;
		};
		99BEDCF61FE8F7760066294D /* Frameworks */ = {
			isa = PBXFrameworksBuildPhase;
			buildActionMask = 2147483647;
			files = (
			);
			runOnlyForDeploymentPostprocessing = 0;
		};
		99BEDD011FE8F7770066294D /* Frameworks */ = {
			isa = PBXFrameworksBuildPhase;
			buildActionMask = 2147483647;
			files = (
			);
			runOnlyForDeploymentPostprocessing = 0;
		};
/* End PBXFrameworksBuildPhase section */

/* Begin PBXGroup section */
		9948B6A31FEA19F500ABC54D /* AFNetworking */ = {
			isa = PBXGroup;
			children = (
				9948B6A41FEA19F500ABC54D /* AFHTTPSessionManager.h */,
				9948B6A51FEA19F500ABC54D /* AFHTTPSessionManager.m */,
				9948B6A61FEA19F500ABC54D /* AFNetworking.h */,
				9948B6A71FEA19F500ABC54D /* AFNetworkReachabilityManager.h */,
				9948B6A81FEA19F500ABC54D /* AFNetworkReachabilityManager.m */,
				9948B6A91FEA19F500ABC54D /* AFSecurityPolicy.h */,
				9948B6AA1FEA19F500ABC54D /* AFSecurityPolicy.m */,
				9948B6AB1FEA19F500ABC54D /* AFURLRequestSerialization.h */,
				9948B6AC1FEA19F500ABC54D /* AFURLRequestSerialization.m */,
				9948B6AD1FEA19F500ABC54D /* AFURLResponseSerialization.h */,
				9948B6AE1FEA19F500ABC54D /* AFURLResponseSerialization.m */,
				9948B6AF1FEA19F500ABC54D /* AFURLSessionManager.h */,
				9948B6B01FEA19F500ABC54D /* AFURLSessionManager.m */,
			);
			path = AFNetworking;
			sourceTree = "<group>";
		};
		9948B6B71FEA1A2000ABC54D /* UIKit+AFNetworking */ = {
			isa = PBXGroup;
			children = (
				9948B6B81FEA1A2000ABC54D /* AFAutoPurgingImageCache.h */,
				9948B6B91FEA1A2000ABC54D /* AFAutoPurgingImageCache.m */,
				9948B6BA1FEA1A2000ABC54D /* AFImageDownloader.h */,
				9948B6BB1FEA1A2000ABC54D /* AFImageDownloader.m */,
				9948B6BC1FEA1A2000ABC54D /* AFNetworkActivityIndicatorManager.h */,
				9948B6BD1FEA1A2000ABC54D /* AFNetworkActivityIndicatorManager.m */,
				9948B6BE1FEA1A2000ABC54D /* UIActivityIndicatorView+AFNetworking.h */,
				9948B6BF1FEA1A2000ABC54D /* UIActivityIndicatorView+AFNetworking.m */,
				9948B6C01FEA1A2000ABC54D /* UIButton+AFNetworking.h */,
				9948B6C11FEA1A2000ABC54D /* UIButton+AFNetworking.m */,
				9948B6C21FEA1A2000ABC54D /* UIImage+AFNetworking.h */,
				9948B6C31FEA1A2000ABC54D /* UIImageView+AFNetworking.h */,
				9948B6C41FEA1A2000ABC54D /* UIImageView+AFNetworking.m */,
				9948B6C51FEA1A2000ABC54D /* UIKit+AFNetworking.h */,
				9948B6C61FEA1A2000ABC54D /* UIProgressView+AFNetworking.h */,
				9948B6C71FEA1A2000ABC54D /* UIProgressView+AFNetworking.m */,
				9948B6C81FEA1A2000ABC54D /* UIRefreshControl+AFNetworking.h */,
				9948B6C91FEA1A2000ABC54D /* UIRefreshControl+AFNetworking.m */,
				9948B6CA1FEA1A2000ABC54D /* UIWebView+AFNetworking.h */,
				9948B6CB1FEA1A2000ABC54D /* UIWebView+AFNetworking.m */,
			);
			path = "UIKit+AFNetworking";
			sourceTree = "<group>";
		};
		9948B6D51FEA1AAE00ABC54D /* 3rd_library */ = {
			isa = PBXGroup;
			children = (
				9948B6A31FEA19F500ABC54D /* AFNetworking */,
				9948B6B71FEA1A2000ABC54D /* UIKit+AFNetworking */,
			);
			name = 3rd_library;
			sourceTree = "<group>";
		};
		99BEDCD81FE8F7760066294D = {
			isa = PBXGroup;
			children = (
				99BEDCE31FE8F7760066294D /* MiniLive */,
				99BEDCFC1FE8F7760066294D /* MiniLiveTests */,
				99BEDD071FE8F7770066294D /* MiniLiveUITests */,
				99BEDCE21FE8F7760066294D /* Products */,
			);
			sourceTree = "<group>";
		};
		99BEDCE21FE8F7760066294D /* Products */ = {
			isa = PBXGroup;
			children = (
				99BEDCE11FE8F7760066294D /* MiniLive.app */,
				99BEDCF91FE8F7760066294D /* MiniLiveTests.xctest */,
				99BEDD041FE8F7770066294D /* MiniLiveUITests.xctest */,
			);
			name = Products;
			sourceTree = "<group>";
		};
		99BEDCE31FE8F7760066294D /* MiniLive */ = {
			isa = PBXGroup;
			children = (
				9948B6D51FEA1AAE00ABC54D /* 3rd_library */,
				99BEDD161FE8F7E00066294D /* ViewController */,
				9948B6DD1FEA4DCB00ABC54D /* COMMON_MACRO.h */,
				9948B6D71FEA334200ABC54D /* MLSession.h */,
				9948B6D81FEA334200ABC54D /* MLSession.m */,
				9948B6DE1FEA547C00ABC54D /* MLResponse.h */,
				9948B6DF1FEA547C00ABC54D /* MLResponse.m */,
				9948B6E11FEA5E6E00ABC54D /* MLWebApiInvoker.h */,
				9948B6E21FEA5E6E00ABC54D /* MLWebApiInvoker.m */,
				99E71C621FEB5E7800374CB4 /* MLToast.h */,
				99E71C631FEB5E7800374CB4 /* MLToast.m */,
				99BEDCE41FE8F7760066294D /* AppDelegate.h */,
				99BEDCE51FE8F7760066294D /* AppDelegate.m */,
				99BEDCEA1FE8F7760066294D /* Main.storyboard */,
				99BEDCED1FE8F7760066294D /* Assets.xcassets */,
				99BEDCEF1FE8F7760066294D /* LaunchScreen.storyboard */,
				99BEDCF21FE8F7760066294D /* Info.plist */,
				99BEDCF31FE8F7760066294D /* main.m */,
				99F350E51FEBF478002965C0 /* CodecCell.h */,
				99F350E61FEBF478002965C0 /* CodecCell.m */,
			);
			path = MiniLive;
			sourceTree = "<group>";
		};
		99BEDCFC1FE8F7760066294D /* MiniLiveTests */ = {
			isa = PBXGroup;
			children = (
				99BEDCFD1FE8F7760066294D /* MiniLiveTests.m */,
				99BEDCFF1FE8F7770066294D /* Info.plist */,
			);
			path = MiniLiveTests;
			sourceTree = "<group>";
		};
		99BEDD071FE8F7770066294D /* MiniLiveUITests */ = {
			isa = PBXGroup;
			children = (
				99BEDD081FE8F7770066294D /* MiniLiveUITests.m */,
				99BEDD0A1FE8F7770066294D /* Info.plist */,
			);
			path = MiniLiveUITests;
			sourceTree = "<group>";
		};
		99BEDD161FE8F7E00066294D /* ViewController */ = {
			isa = PBXGroup;
			children = (
				99BEDD171FE8F8400066294D /* MyNavigationController.h */,
				99BEDD181FE8F8400066294D /* MyNavigationController.m */,
				994834DC1FE9108400EE1BD3 /* LoginViewController.h */,
				994834DD1FE9108400EE1BD3 /* LoginViewController.m */,
				994834DF1FE912D200EE1BD3 /* PrepareViewController.h */,
				994834E01FE912D200EE1BD3 /* PrepareViewController.m */,
				994834E21FE912DF00EE1BD3 /* LiveViewController.h */,
				994834E31FE912DF00EE1BD3 /* LiveViewController.m */,
				992C5F9E1FEBF85A00538DB8 /* SelectRoomViewController.h */,
				992C5F9F1FEBF85A00538DB8 /* SelectRoomViewController.m */,
			);
			name = ViewController;
			sourceTree = "<group>";
		};
/* End PBXGroup section */

/* Begin PBXNativeTarget section */
		99BEDCE01FE8F7760066294D /* MiniLive */ = {
			isa = PBXNativeTarget;
			buildConfigurationList = 99BEDD0D1FE8F7770066294D /* Build configuration list for PBXNativeTarget "MiniLive" */;
			buildPhases = (
				99BEDCDD1FE8F7760066294D /* Sources */,
				99BEDCDE1FE8F7760066294D /* Frameworks */,
				99BEDCDF1FE8F7760066294D /* Resources */,
			);
			buildRules = (
			);
			dependencies = (
			);
			name = MiniLive;
			productName = MiniLive;
			productReference = 99BEDCE11FE8F7760066294D /* MiniLive.app */;
			productType = "com.apple.product-type.application";
		};
		99BEDCF81FE8F7760066294D /* MiniLiveTests */ = {
			isa = PBXNativeTarget;
			buildConfigurationList = 99BEDD101FE8F7770066294D /* Build configuration list for PBXNativeTarget "MiniLiveTests" */;
			buildPhases = (
				99BEDCF51FE8F7760066294D /* Sources */,
				99BEDCF61FE8F7760066294D /* Frameworks */,
				99BEDCF71FE8F7760066294D /* Resources */,
			);
			buildRules = (
			);
			dependencies = (
				99BEDCFB1FE8F7760066294D /* PBXTargetDependency */,
			);
			name = MiniLiveTests;
			productName = MiniLiveTests;
			productReference = 99BEDCF91FE8F7760066294D /* MiniLiveTests.xctest */;
			productType = "com.apple.product-type.bundle.unit-test";
		};
		99BEDD031FE8F7770066294D /* MiniLiveUITests */ = {
			isa = PBXNativeTarget;
			buildConfigurationList = 99BEDD131FE8F7770066294D /* Build configuration list for PBXNativeTarget "MiniLiveUITests" */;
			buildPhases = (
				99BEDD001FE8F7770066294D /* Sources */,
				99BEDD011FE8F7770066294D /* Frameworks */,
				99BEDD021FE8F7770066294D /* Resources */,
			);
			buildRules = (
			);
			dependencies = (
				99BEDD061FE8F7770066294D /* PBXTargetDependency */,
			);
			name = MiniLiveUITests;
			productName = MiniLiveUITests;
			productReference = 99BEDD041FE8F7770066294D /* MiniLiveUITests.xctest */;
			productType = "com.apple.product-type.bundle.ui-testing";
		};
/* End PBXNativeTarget section */

/* Begin PBXProject section */
		99BEDCD91FE8F7760066294D /* Project object */ = {
			isa = PBXProject;
			attributes = {
				LastUpgradeCheck = 0920;
				ORGANIZATIONNAME = HEHE;
				TargetAttributes = {
					99BEDCE01FE8F7760066294D = {
						CreatedOnToolsVersion = 9.2;
						ProvisioningStyle = Automatic;
					};
					99BEDCF81FE8F7760066294D = {
						CreatedOnToolsVersion = 9.2;
						ProvisioningStyle = Automatic;
						TestTargetID = 99BEDCE01FE8F7760066294D;
					};
					99BEDD031FE8F7770066294D = {
						CreatedOnToolsVersion = 9.2;
						ProvisioningStyle = Automatic;
						TestTargetID = 99BEDCE01FE8F7760066294D;
					};
				};
			};
			buildConfigurationList = 99BEDCDC1FE8F7760066294D /* Build configuration list for PBXProject "MiniLive" */;
			compatibilityVersion = "Xcode 8.0";
			developmentRegion = en;
			hasScannedForEncodings = 0;
			knownRegions = (
				en,
				Base,
			);
			mainGroup = 99BEDCD81FE8F7760066294D;
			productRefGroup = 99BEDCE21FE8F7760066294D /* Products */;
			projectDirPath = "";
			projectRoot = "";
			targets = (
				99BEDCE01FE8F7760066294D /* MiniLive */,
				99BEDCF81FE8F7760066294D /* MiniLiveTests */,
				99BEDD031FE8F7770066294D /* MiniLiveUITests */,
			);
		};
/* End PBXProject section */

/* Begin PBXResourcesBuildPhase section */
		99BEDCDF1FE8F7760066294D /* Resources */ = {
			isa = PBXResourcesBuildPhase;
			buildActionMask = 2147483647;
			files = (
				99BEDCF11FE8F7760066294D /* LaunchScreen.storyboard in Resources */,
				99BEDCEE1FE8F7760066294D /* Assets.xcassets in Resources */,
				99BEDCEC1FE8F7760066294D /* Main.storyboard in Resources */,
			);
			runOnlyForDeploymentPostprocessing = 0;
		};
		99BEDCF71FE8F7760066294D /* Resources */ = {
			isa = PBXResourcesBuildPhase;
			buildActionMask = 2147483647;
			files = (
			);
			runOnlyForDeploymentPostprocessing = 0;
		};
		99BEDD021FE8F7770066294D /* Resources */ = {
			isa = PBXResourcesBuildPhase;
			buildActionMask = 2147483647;
			files = (
			);
			runOnlyForDeploymentPostprocessing = 0;
		};
/* End PBXResourcesBuildPhase section */

/* Begin PBXSourcesBuildPhase section */
		99BEDCDD1FE8F7760066294D /* Sources */ = {
			isa = PBXSourcesBuildPhase;
			buildActionMask = 2147483647;
			files = (
				992C5FA01FEBF85A00538DB8 /* SelectRoomViewController.m in Sources */,
				9948B6D21FEA1A2000ABC54D /* UIProgressView+AFNetworking.m in Sources */,
				9948B6D01FEA1A2000ABC54D /* UIButton+AFNetworking.m in Sources */,
				9948B6D31FEA1A2000ABC54D /* UIRefreshControl+AFNetworking.m in Sources */,
				994834E41FE912DF00EE1BD3 /* LiveViewController.m in Sources */,
				9948B6B31FEA19F500ABC54D /* AFSecurityPolicy.m in Sources */,
				994834DE1FE9108400EE1BD3 /* LoginViewController.m in Sources */,
				994834E11FE912D200EE1BD3 /* PrepareViewController.m in Sources */,
				99F350E71FEBF478002965C0 /* CodecCell.m in Sources */,
				9948B6B51FEA19F500ABC54D /* AFURLResponseSerialization.m in Sources */,
				9948B6E31FEA5E6E00ABC54D /* MLWebApiInvoker.m in Sources */,
				99BEDD191FE8F8400066294D /* MyNavigationController.m in Sources */,
				9948B6D11FEA1A2000ABC54D /* UIImageView+AFNetworking.m in Sources */,
				99BEDCF41FE8F7760066294D /* main.m in Sources */,
				9948B6D91FEA334200ABC54D /* MLSession.m in Sources */,
				9948B6B11FEA19F500ABC54D /* AFHTTPSessionManager.m in Sources */,
				9948B6CC1FEA1A2000ABC54D /* AFAutoPurgingImageCache.m in Sources */,
				9948B6E01FEA547C00ABC54D /* MLResponse.m in Sources */,
				9948B6B41FEA19F500ABC54D /* AFURLRequestSerialization.m in Sources */,
				9948B6B61FEA19F500ABC54D /* AFURLSessionManager.m in Sources */,
				9948B6CD1FEA1A2000ABC54D /* AFImageDownloader.m in Sources */,
				9948B6B21FEA19F500ABC54D /* AFNetworkReachabilityManager.m in Sources */,
				99E71C641FEB5E7800374CB4 /* MLToast.m in Sources */,
				9948B6D41FEA1A2000ABC54D /* UIWebView+AFNetworking.m in Sources */,
				99BEDCE61FE8F7760066294D /* AppDelegate.m in Sources */,
				9948B6CF1FEA1A2000ABC54D /* UIActivityIndicatorView+AFNetworking.m in Sources */,
				9948B6CE1FEA1A2000ABC54D /* AFNetworkActivityIndicatorManager.m in Sources */,
			);
			runOnlyForDeploymentPostprocessing = 0;
		};
		99BEDCF51FE8F7760066294D /* Sources */ = {
			isa = PBXSourcesBuildPhase;
			buildActionMask = 2147483647;
			files = (
				99BEDCFE1FE8F7760066294D /* MiniLiveTests.m in Sources */,
			);
			runOnlyForDeploymentPostprocessing = 0;
		};
		99BEDD001FE8F7770066294D /* Sources */ = {
			isa = PBXSourcesBuildPhase;
			buildActionMask = 2147483647;
			files = (
				99BEDD091FE8F7770066294D /* MiniLiveUITests.m in Sources */,
			);
			runOnlyForDeploymentPostprocessing = 0;
		};
/* End PBXSourcesBuildPhase section */

/* Begin PBXTargetDependency section */
		99BEDCFB1FE8F7760066294D /* PBXTargetDependency */ = {
			isa = PBXTargetDependency;
			target = 99BEDCE01FE8F7760066294D /* MiniLive */;
			targetProxy = 99BEDCFA1FE8F7760066294D /* PBXContainerItemProxy */;
		};
		99BEDD061FE8F7770066294D /* PBXTargetDependency */ = {
			isa = PBXTargetDependency;
			target = 99BEDCE01FE8F7760066294D /* MiniLive */;
			targetProxy = 99BEDD051FE8F7770066294D /* PBXContainerItemProxy */;
		};
/* End PBXTargetDependency section */

/* Begin PBXVariantGroup section */
		99BEDCEA1FE8F7760066294D /* Main.storyboard */ = {
			isa = PBXVariantGroup;
			children = (
				99BEDCEB1FE8F7760066294D /* Base */,
			);
			name = Main.storyboard;
			sourceTree = "<group>";
		};
		99BEDCEF1FE8F7760066294D /* LaunchScreen.storyboard */ = {
			isa = PBXVariantGroup;
			children = (
				99BEDCF01FE8F7760066294D /* Base */,
			);
			name = LaunchScreen.storyboard;
			sourceTree = "<group>";
		};
/* End PBXVariantGroup section */

/* Begin XCBuildConfiguration section */
		99BEDD0B1FE8F7770066294D /* Debug */ = {
			isa = XCBuildConfiguration;
			buildSettings = {
				ALWAYS_SEARCH_USER_PATHS = NO;
				CLANG_ANALYZER_NONNULL = YES;
				CLANG_ANALYZER_NUMBER_OBJECT_CONVERSION = YES_AGGRESSIVE;
				CLANG_CXX_LANGUAGE_STANDARD = "gnu++14";
				CLANG_CXX_LIBRARY = "libc++";
				CLANG_ENABLE_MODULES = YES;
				CLANG_ENABLE_OBJC_ARC = YES;
				CLANG_WARN_BLOCK_CAPTURE_AUTORELEASING = YES;
				CLANG_WARN_BOOL_CONVERSION = YES;
				CLANG_WARN_COMMA = YES;
				CLANG_WARN_CONSTANT_CONVERSION = YES;
				CLANG_WARN_DIRECT_OBJC_ISA_USAGE = YES_ERROR;
				CLANG_WARN_DOCUMENTATION_COMMENTS = YES;
				CLANG_WARN_EMPTY_BODY = YES;
				CLANG_WARN_ENUM_CONVERSION = YES;
				CLANG_WARN_INFINITE_RECURSION = YES;
				CLANG_WARN_INT_CONVERSION = YES;
				CLANG_WARN_NON_LITERAL_NULL_CONVERSION = YES;
				CLANG_WARN_OBJC_LITERAL_CONVERSION = YES;
				CLANG_WARN_OBJC_ROOT_CLASS = YES_ERROR;
				CLANG_WARN_RANGE_LOOP_ANALYSIS = YES;
				CLANG_WARN_STRICT_PROTOTYPES = YES;
				CLANG_WARN_SUSPICIOUS_MOVE = YES;
				CLANG_WARN_UNGUARDED_AVAILABILITY = YES_AGGRESSIVE;
				CLANG_WARN_UNREACHABLE_CODE = YES;
				CLANG_WARN__DUPLICATE_METHOD_MATCH = YES;
				CODE_SIGN_IDENTITY = "iPhone Developer";
				COPY_PHASE_STRIP = NO;
				DEBUG_INFORMATION_FORMAT = dwarf;
				ENABLE_STRICT_OBJC_MSGSEND = YES;
				ENABLE_TESTABILITY = YES;
				GCC_C_LANGUAGE_STANDARD = gnu11;
				GCC_DYNAMIC_NO_PIC = NO;
				GCC_NO_COMMON_BLOCKS = YES;
				GCC_OPTIMIZATION_LEVEL = 0;
				GCC_PREPROCESSOR_DEFINITIONS = (
					"DEBUG=1",
					"$(inherited)",
				);
				GCC_WARN_64_TO_32_BIT_CONVERSION = YES;
				GCC_WARN_ABOUT_RETURN_TYPE = YES_ERROR;
				GCC_WARN_UNDECLARED_SELECTOR = YES;
				GCC_WARN_UNINITIALIZED_AUTOS = YES_AGGRESSIVE;
				GCC_WARN_UNUSED_FUNCTION = YES;
				GCC_WARN_UNUSED_VARIABLE = YES;
				IPHONEOS_DEPLOYMENT_TARGET = 11.2;
				MTL_ENABLE_DEBUG_INFO = YES;
				ONLY_ACTIVE_ARCH = YES;
				SDKROOT = iphoneos;
			};
			name = Debug;
		};
		99BEDD0C1FE8F7770066294D /* Release */ = {
			isa = XCBuildConfiguration;
			buildSettings = {
				ALWAYS_SEARCH_USER_PATHS = NO;
				CLANG_ANALYZER_NONNULL = YES;
				CLANG_ANALYZER_NUMBER_OBJECT_CONVERSION = YES_AGGRESSIVE;
				CLANG_CXX_LANGUAGE_STANDARD = "gnu++14";
				CLANG_CXX_LIBRARY = "libc++";
				CLANG_ENABLE_MODULES = YES;
				CLANG_ENABLE_OBJC_ARC = YES;
				CLANG_WARN_BLOCK_CAPTURE_AUTORELEASING = YES;
				CLANG_WARN_BOOL_CONVERSION = YES;
				CLANG_WARN_COMMA = YES;
				CLANG_WARN_CONSTANT_CONVERSION = YES;
				CLANG_WARN_DIRECT_OBJC_ISA_USAGE = YES_ERROR;
				CLANG_WARN_DOCUMENTATION_COMMENTS = YES;
				CLANG_WARN_EMPTY_BODY = YES;
				CLANG_WARN_ENUM_CONVERSION = YES;
				CLANG_WARN_INFINITE_RECURSION = YES;
				CLANG_WARN_INT_CONVERSION = YES;
				CLANG_WARN_NON_LITERAL_NULL_CONVERSION = YES;
				CLANG_WARN_OBJC_LITERAL_CONVERSION = YES;
				CLANG_WARN_OBJC_ROOT_CLASS = YES_ERROR;
				CLANG_WARN_RANGE_LOOP_ANALYSIS = YES;
				CLANG_WARN_STRICT_PROTOTYPES = YES;
				CLANG_WARN_SUSPICIOUS_MOVE = YES;
				CLANG_WARN_UNGUARDED_AVAILABILITY = YES_AGGRESSIVE;
				CLANG_WARN_UNREACHABLE_CODE = YES;
				CLANG_WARN__DUPLICATE_METHOD_MATCH = YES;
				CODE_SIGN_IDENTITY = "iPhone Developer";
				COPY_PHASE_STRIP = NO;
				DEBUG_INFORMATION_FORMAT = "dwarf-with-dsym";
				ENABLE_NS_ASSERTIONS = NO;
				ENABLE_STRICT_OBJC_MSGSEND = YES;
				GCC_C_LANGUAGE_STANDARD = gnu11;
				GCC_NO_COMMON_BLOCKS = YES;
				GCC_WARN_64_TO_32_BIT_CONVERSION = YES;
				GCC_WARN_ABOUT_RETURN_TYPE = YES_ERROR;
				GCC_WARN_UNDECLARED_SELECTOR = YES;
				GCC_WARN_UNINITIALIZED_AUTOS = YES_AGGRESSIVE;
				GCC_WARN_UNUSED_FUNCTION = YES;
				GCC_WARN_UNUSED_VARIABLE = YES;
				IPHONEOS_DEPLOYMENT_TARGET = 11.2;
				MTL_ENABLE_DEBUG_INFO = NO;
				SDKROOT = iphoneos;
				VALIDATE_PRODUCT = YES;
			};
			name = Release;
		};
		99BEDD0E1FE8F7770066294D /* Debug */ = {
			isa = XCBuildConfiguration;
			buildSettings = {
				ASSETCATALOG_COMPILER_APPICON_NAME = AppIcon;
				CODE_SIGN_STYLE = Automatic;
				DEVELOPMENT_TEAM = MJHAJ527MY;
				INFOPLIST_FILE = MiniLive/Info.plist;
				IPHONEOS_DEPLOYMENT_TARGET = 11.0;
				LD_RUNPATH_SEARCH_PATHS = "$(inherited) @executable_path/Frameworks";
				PRODUCT_BUNDLE_IDENTIFIER = org.hehe.MiniLive;
				PRODUCT_NAME = "$(TARGET_NAME)";
				TARGETED_DEVICE_FAMILY = "1,2";
			};
			name = Debug;
		};
		99BEDD0F1FE8F7770066294D /* Release */ = {
			isa = XCBuildConfiguration;
			buildSettings = {
				ASSETCATALOG_COMPILER_APPICON_NAME = AppIcon;
				CODE_SIGN_STYLE = Automatic;
				DEVELOPMENT_TEAM = MJHAJ527MY;
				INFOPLIST_FILE = MiniLive/Info.plist;
				IPHONEOS_DEPLOYMENT_TARGET = 11.0;
				LD_RUNPATH_SEARCH_PATHS = "$(inherited) @executable_path/Frameworks";
				PRODUCT_BUNDLE_IDENTIFIER = org.hehe.MiniLive;
				PRODUCT_NAME = "$(TARGET_NAME)";
				TARGETED_DEVICE_FAMILY = "1,2";
			};
			name = Release;
		};
		99BEDD111FE8F7770066294D /* Debug */ = {
			isa = XCBuildConfiguration;
			buildSettings = {
				BUNDLE_LOADER = "$(TEST_HOST)";
				CODE_SIGN_STYLE = Automatic;
				DEVELOPMENT_TEAM = MJHAJ527MY;
				INFOPLIST_FILE = MiniLiveTests/Info.plist;
				LD_RUNPATH_SEARCH_PATHS = "$(inherited) @executable_path/Frameworks @loader_path/Frameworks";
				PRODUCT_BUNDLE_IDENTIFIER = org.hehe.MiniLiveTests;
				PRODUCT_NAME = "$(TARGET_NAME)";
				TARGETED_DEVICE_FAMILY = "1,2";
				TEST_HOST = "$(BUILT_PRODUCTS_DIR)/MiniLive.app/MiniLive";
			};
			name = Debug;
		};
		99BEDD121FE8F7770066294D /* Release */ = {
			isa = XCBuildConfiguration;
			buildSettings = {
				BUNDLE_LOADER = "$(TEST_HOST)";
				CODE_SIGN_STYLE = Automatic;
				DEVELOPMENT_TEAM = MJHAJ527MY;
				INFOPLIST_FILE = MiniLiveTests/Info.plist;
				LD_RUNPATH_SEARCH_PATHS = "$(inherited) @executable_path/Frameworks @loader_path/Frameworks";
				PRODUCT_BUNDLE_IDENTIFIER = org.hehe.MiniLiveTests;
				PRODUCT_NAME = "$(TARGET_NAME)";
				TARGETED_DEVICE_FAMILY = "1,2";
				TEST_HOST = "$(BUILT_PRODUCTS_DIR)/MiniLive.app/MiniLive";
			};
			name = Release;
		};
		99BEDD141FE8F7770066294D /* Debug */ = {
			isa = XCBuildConfiguration;
			buildSettings = {
				CODE_SIGN_STYLE = Automatic;
				DEVELOPMENT_TEAM = MJHAJ527MY;
				INFOPLIST_FILE = MiniLiveUITests/Info.plist;
				LD_RUNPATH_SEARCH_PATHS = "$(inherited) @executable_path/Frameworks @loader_path/Frameworks";
				PRODUCT_BUNDLE_IDENTIFIER = org.hehe.MiniLiveUITests;
				PRODUCT_NAME = "$(TARGET_NAME)";
				TARGETED_DEVICE_FAMILY = "1,2";
				TEST_TARGET_NAME = MiniLive;
			};
			name = Debug;
		};
		99BEDD151FE8F7770066294D /* Release */ = {
			isa = XCBuildConfiguration;
			buildSettings = {
				CODE_SIGN_STYLE = Automatic;
				DEVELOPMENT_TEAM = MJHAJ527MY;
				INFOPLIST_FILE = MiniLiveUITests/Info.plist;
				LD_RUNPATH_SEARCH_PATHS = "$(inherited) @executable_path/Frameworks @loader_path/Frameworks";
				PRODUCT_BUNDLE_IDENTIFIER = org.hehe.MiniLiveUITests;
				PRODUCT_NAME = "$(TARGET_NAME)";
				TARGETED_DEVICE_FAMILY = "1,2";
				TEST_TARGET_NAME = MiniLive;
			};
			name = Release;
		};
/* End XCBuildConfiguration section */

/* Begin XCConfigurationList section */
		99BEDCDC1FE8F7760066294D /* Build configuration list for PBXProject "MiniLive" */ = {
			isa = XCConfigurationList;
			buildConfigurations = (
				99BEDD0B1FE8F7770066294D /* Debug */,
				99BEDD0C1FE8F7770066294D /* Release */,
			);
			defaultConfigurationIsVisible = 0;
			defaultConfigurationName = Release;
		};
		99BEDD0D1FE8F7770066294D /* Build configuration list for PBXNativeTarget "MiniLive" */ = {
			isa = XCConfigurationList;
			buildConfigurations = (
				99BEDD0E1FE8F7770066294D /* Debug */,
				99BEDD0F1FE8F7770066294D /* Release */,
			);
			defaultConfigurationIsVisible = 0;
			defaultConfigurationName = Release;
		};
		99BEDD101FE8F7770066294D /* Build configuration list for PBXNativeTarget "MiniLiveTests" */ = {
			isa = XCConfigurationList;
			buildConfigurations = (
				99BEDD111FE8F7770066294D /* Debug */,
				99BEDD121FE8F7770066294D /* Release */,
			);
			defaultConfigurationIsVisible = 0;
			defaultConfigurationName = Release;
		};
		99BEDD131FE8F7770066294D /* Build configuration list for PBXNativeTarget "MiniLiveUITests" */ = {
			isa = XCConfigurationList;
			buildConfigurations = (
				99BEDD141FE8F7770066294D /* Debug */,
				99BEDD151FE8F7770066294D /* Release */,
			);
			defaultConfigurationIsVisible = 0;
			defaultConfigurationName = Release;
		};
/* End XCConfigurationList section */
	};
	rootObject = 99BEDCD91FE8F7760066294D /* Project object */;
}
